
Microsoft Visual Studio Solution File, Format Version 12.00
# Visual Studio Version 17
VisualStudioVersion = 17.12.35309.182
MinimumVisualStudioVersion = 10.0.40219.1
Project("{FAE04EC0-301F-11D3-BF4B-00C04F79EFBC}") = "HelloWorld", "HelloWorld\HelloWorld.csproj", "{6DE973B8-58CE-4E8D-9669-41C9FDF8FCD2}"
EndProject
Project("{FAE04EC0-301F-11D3-BF4B-00C04F79EFBC}") = "HelloWorldTests", "HelloWorldTests\HelloWorldTests.csproj", "{F9585CD1-4CDE-43B1-A04D-4698FE99A758}"
EndProject
Global
	GlobalSection(SolutionConfigurationPlatforms) = preSolution
		Debug|Any CPU = Debug|Any CPU
		Release|Any CPU = Release|Any CPU
	EndGlobalSection
	GlobalSection(ProjectConfigurationPlatforms) = postSolution
		{6DE973B8-58CE-4E8D-9669-41C9FDF8FCD2}.Debug|Any CPU.ActiveCfg = Debug|Any CPU
		{6DE973B8-58CE-4E8D-9669-41C9FDF8FCD2}.Debug|Any CPU.Build.0 = Debug|Any CPU
		{6DE973B8-58CE-4E8D-9669-41C9FDF8FCD2}.Release|Any CPU.ActiveCfg = Release|Any CPU
		{6DE973B8-58CE-4E8D-9669-41C9FDF8FCD2}.Release|Any CPU.Build.0 = Release|Any CPU
		{F9585CD1-4CDE-43B1-A04D-4698FE99A758}.Debug|Any CPU.ActiveCfg = Debug|Any CPU
		{F9585CD1-4CDE-43B1-A04D-4698FE99A758}.Debug|Any CPU.Build.0 = Debug|Any CPU
		{F9585CD1-4CDE-43B1-A04D-4698FE99A758}.Release|Any CPU.ActiveCfg = Release|Any CPU
		{F9585CD1-4CDE-43B1-A04D-4698FE99A758}.Release|Any CPU.Build.0 = Release|Any CPU
	EndGlobalSection
	GlobalSection(SolutionProperties) = preSolution
		HideSolutionNode = FALSE
	EndGlobalSection
	GlobalSection(ExtensibilityGlobals) = postSolution
		SolutionGuid = {BC038BBA-2F54-4278-BFE7-44BEB094848E}
	EndGlobalSection
EndGlobal
